
Microsoft Visual Studio Solution File, Format Version 12.00
# Visual Studio 2013
VisualStudioVersion = 12.0.30110.0
MinimumVisualStudioVersion = 10.0.40219.1
Project("{FAE04EC0-301F-11D3-BF4B-00C04F79EFBC}") = "WitMorph", "WitMorph\WitMorph.csproj", "{E651E0D9-CD14-4D94-8669-B336FE3FF32F}"
EndProject
Project("{FAE04EC0-301F-11D3-BF4B-00C04F79EFBC}") = "WitMorph.Tests", "WitMorph.Tests\WitMorph.Tests.csproj", "{5D7FFF4A-593B-4BE6-8E50-EDC02F97AAB9}"
EndProject
Project("{FAE04EC0-301F-11D3-BF4B-00C04F79EFBC}") = "WitMorph.Console", "WitMorph.Console\WitMorph.Console.csproj", "{FF18AEFC-2302-4661-80B2-D0C1C7E5052E}"
EndProject
Project("{FAE04EC0-301F-11D3-BF4B-00C04F79EFBC}") = "WitMorph.IntegrationTests", "WitMorph.IntegrationTests\WitMorph.IntegrationTests.csproj", "{36503F2F-7028-4F82-92EE-2E55785C6D6B}"
EndProject
Project("{FAE04EC0-301F-11D3-BF4B-00C04F79EFBC}") = "WitMorph.UI", "WitMorph.UI\WitMorph.UI.csproj", "{920F5DF6-3702-4078-B688-E45EE17DA11C}"
EndProject
Global
	GlobalSection(CodealikeProperties) = postSolution
		SolutionGuid = 12ea44f5-6087-4a02-ab8b-998dc4c77f8c
	EndGlobalSection
	GlobalSection(SolutionConfigurationPlatforms) = preSolution
		Debug|Any CPU = Debug|Any CPU
		Release|Any CPU = Release|Any CPU
	EndGlobalSection
	GlobalSection(ProjectConfigurationPlatforms) = postSolution
		{E651E0D9-CD14-4D94-8669-B336FE3FF32F}.Debug|Any CPU.ActiveCfg = Debug|Any CPU
		{E651E0D9-CD14-4D94-8669-B336FE3FF32F}.Debug|Any CPU.Build.0 = Debug|Any CPU
		{E651E0D9-CD14-4D94-8669-B336FE3FF32F}.Release|Any CPU.ActiveCfg = Release|Any CPU
		{E651E0D9-CD14-4D94-8669-B336FE3FF32F}.Release|Any CPU.Build.0 = Release|Any CPU
		{5D7FFF4A-593B-4BE6-8E50-EDC02F97AAB9}.Debug|Any CPU.ActiveCfg = Debug|Any CPU
		{5D7FFF4A-593B-4BE6-8E50-EDC02F97AAB9}.Debug|Any CPU.Build.0 = Debug|Any CPU
		{5D7FFF4A-593B-4BE6-8E50-EDC02F97AAB9}.Release|Any CPU.ActiveCfg = Release|Any CPU
		{5D7FFF4A-593B-4BE6-8E50-EDC02F97AAB9}.Release|Any CPU.Build.0 = Release|Any CPU
		{FF18AEFC-2302-4661-80B2-D0C1C7E5052E}.Debug|Any CPU.ActiveCfg = Debug|Any CPU
		{FF18AEFC-2302-4661-80B2-D0C1C7E5052E}.Debug|Any CPU.Build.0 = Debug|Any CPU
		{FF18AEFC-2302-4661-80B2-D0C1C7E5052E}.Release|Any CPU.ActiveCfg = Release|Any CPU
		{FF18AEFC-2302-4661-80B2-D0C1C7E5052E}.Release|Any CPU.Build.0 = Release|Any CPU
		{36503F2F-7028-4F82-92EE-2E55785C6D6B}.Debug|Any CPU.ActiveCfg = Debug|Any CPU
		{36503F2F-7028-4F82-92EE-2E55785C6D6B}.Debug|Any CPU.Build.0 = Debug|Any CPU
		{36503F2F-7028-4F82-92EE-2E55785C6D6B}.Release|Any CPU.ActiveCfg = Release|Any CPU
		{36503F2F-7028-4F82-92EE-2E55785C6D6B}.Release|Any CPU.Build.0 = Release|Any CPU
		{920F5DF6-3702-4078-B688-E45EE17DA11C}.Debug|Any CPU.ActiveCfg = Debug|Any CPU
		{920F5DF6-3702-4078-B688-E45EE17DA11C}.Debug|Any CPU.Build.0 = Debug|Any CPU
		{920F5DF6-3702-4078-B688-E45EE17DA11C}.Release|Any CPU.ActiveCfg = Release|Any CPU
		{920F5DF6-3702-4078-B688-E45EE17DA11C}.Release|Any CPU.Build.0 = Release|Any CPU
	EndGlobalSection
	GlobalSection(SolutionProperties) = preSolution
		HideSolutionNode = FALSE
	EndGlobalSection
EndGlobal
